
Microsoft Visual Studio Solution File, Format Version 12.00
# Visual Studio Version 16
VisualStudioVersion = 16.0.29926.136
MinimumVisualStudioVersion = 10.0.40219.1
Project("{FAE04EC0-301F-11D3-BF4B-00C04F79EFBC}") = "LetsPlayAGame", "LetsPlayAGame\LetsPlayAGame.csproj", "{3E9CDC7B-E61C-4E3A-B0AA-F3B80BAD3F61}"
EndProject
Project("{FAE04EC0-301F-11D3-BF4B-00C04F79EFBC}") = "LetsPlayAGameTest", "LetsPlayAGameTest\LetsPlayAGameTest.csproj", "{894D78C8-245F-4C4E-9F75-92964044E690}"
EndProject
Global
	GlobalSection(SolutionConfigurationPlatforms) = preSolution
		Debug|Any CPU = Debug|Any CPU
		Release|Any CPU = Release|Any CPU
	EndGlobalSection
	GlobalSection(ProjectConfigurationPlatforms) = postSolution
		{3E9CDC7B-E61C-4E3A-B0AA-F3B80BAD3F61}.Debug|Any CPU.ActiveCfg = Debug|Any CPU
		{3E9CDC7B-E61C-4E3A-B0AA-F3B80BAD3F61}.Debug|Any CPU.Build.0 = Debug|Any CPU
		{3E9CDC7B-E61C-4E3A-B0AA-F3B80BAD3F61}.Release|Any CPU.ActiveCfg = Release|Any CPU
		{3E9CDC7B-E61C-4E3A-B0AA-F3B80BAD3F61}.Release|Any CPU.Build.0 = Release|Any CPU
		{894D78C8-245F-4C4E-9F75-92964044E690}.Debug|Any CPU.ActiveCfg = Debug|Any CPU
		{894D78C8-245F-4C4E-9F75-92964044E690}.Debug|Any CPU.Build.0 = Debug|Any CPU
		{894D78C8-245F-4C4E-9F75-92964044E690}.Release|Any CPU.ActiveCfg = Release|Any CPU
		{894D78C8-245F-4C4E-9F75-92964044E690}.Release|Any CPU.Build.0 = Release|Any CPU
	EndGlobalSection
	GlobalSection(SolutionProperties) = preSolution
		HideSolutionNode = FALSE
	EndGlobalSection
	GlobalSection(ExtensibilityGlobals) = postSolution
		SolutionGuid = {B1BA2E68-C568-46B4-A6BE-AF84359E9D02}
	EndGlobalSection
EndGlobal
